
Microsoft Visual Studio Solution File, Format Version 12.00
# Visual Studio 14
VisualStudioVersion = 14.0.24720.0
MinimumVisualStudioVersion = 10.0.40219.1
Project("{8BC9CEB8-8B4A-11D0-8D11-00A0C91BC942}") = "Exercicio01", "Exericio01\Exericio01.vcxproj", "{7EBBA4D4-7A4D-411E-BF32-7F1E85086823}"
EndProject
Project("{8BC9CEB8-8B4A-11D0-8D11-00A0C91BC942}") = "Exercicio02", "Exercicio02\Exercicio02.vcxproj", "{9C4F5CD9-BB0C-4C01-BC83-FB8AC096F0C1}"
EndProject
Project("{8BC9CEB8-8B4A-11D0-8D11-00A0C91BC942}") = "Exercicio03", "Exercicio03\Exercicio03.vcxproj", "{9D05162C-6F71-4E18-A18B-80861F0B8FB0}"
EndProject
Project("{8BC9CEB8-8B4A-11D0-8D11-00A0C91BC942}") = "Exercicio02_1", "Exercicio2_1\Exercicio2_1.vcxproj", "{114881BD-A26A-4E1A-B7CA-89478E36674F}"
EndProject
Project("{8BC9CEB8-8B4A-11D0-8D11-00A0C91BC942}") = "Exercicio04", "Exercicio04\Exercicio04.vcxproj", "{15A48011-BEE2-4A52-BCEC-06AF78A8CC5C}"
EndProject
Project("{8BC9CEB8-8B4A-11D0-8D11-00A0C91BC942}") = "Exercicio04_2", "Exercicio04_2\Exercicio04_2.vcxproj", "{1D15E118-D8FB-4EF8-A2C3-09F725B66C10}"
EndProject
Global
	GlobalSection(SolutionConfigurationPlatforms) = preSolution
		Debug|x64 = Debug|x64
		Debug|x86 = Debug|x86
		Release|x64 = Release|x64
		Release|x86 = Release|x86
	EndGlobalSection
	GlobalSection(ProjectConfigurationPlatforms) = postSolution
		{7EBBA4D4-7A4D-411E-BF32-7F1E85086823}.Debug|x64.ActiveCfg = Debug|x64
		{7EBBA4D4-7A4D-411E-BF32-7F1E85086823}.Debug|x64.Build.0 = Debug|x64
		{7EBBA4D4-7A4D-411E-BF32-7F1E85086823}.Debug|x86.ActiveCfg = Debug|Win32
		{7EBBA4D4-7A4D-411E-BF32-7F1E85086823}.Debug|x86.Build.0 = Debug|Win32
		{7EBBA4D4-7A4D-411E-BF32-7F1E85086823}.Release|x64.ActiveCfg = Release|x64
		{7EBBA4D4-7A4D-411E-BF32-7F1E85086823}.Release|x64.Build.0 = Release|x64
		{7EBBA4D4-7A4D-411E-BF32-7F1E85086823}.Release|x86.ActiveCfg = Release|Win32
		{7EBBA4D4-7A4D-411E-BF32-7F1E85086823}.Release|x86.Build.0 = Release|Win32
		{9C4F5CD9-BB0C-4C01-BC83-FB8AC096F0C1}.Debug|x64.ActiveCfg = Debug|x64
		{9C4F5CD9-BB0C-4C01-BC83-FB8AC096F0C1}.Debug|x64.Build.0 = Debug|x64
		{9C4F5CD9-BB0C-4C01-BC83-FB8AC096F0C1}.Debug|x86.ActiveCfg = Debug|Win32
		{9C4F5CD9-BB0C-4C01-BC83-FB8AC096F0C1}.Debug|x86.Build.0 = Debug|Win32
		{9C4F5CD9-BB0C-4C01-BC83-FB8AC096F0C1}.Release|x64.ActiveCfg = Release|x64
		{9C4F5CD9-BB0C-4C01-BC83-FB8AC096F0C1}.Release|x64.Build.0 = Release|x64
		{9C4F5CD9-BB0C-4C01-BC83-FB8AC096F0C1}.Release|x86.ActiveCfg = Release|Win32
		{9C4F5CD9-BB0C-4C01-BC83-FB8AC096F0C1}.Release|x86.Build.0 = Release|Win32
		{9D05162C-6F71-4E18-A18B-80861F0B8FB0}.Debug|x64.ActiveCfg = Debug|x64
		{9D05162C-6F71-4E18-A18B-80861F0B8FB0}.Debug|x64.Build.0 = Debug|x64
		{9D05162C-6F71-4E18-A18B-80861F0B8FB0}.Debug|x86.ActiveCfg = Debug|Win32
		{9D05162C-6F71-4E18-A18B-80861F0B8FB0}.Debug|x86.Build.0 = Debug|Win32
		{9D05162C-6F71-4E18-A18B-80861F0B8FB0}.Release|x64.ActiveCfg = Release|x64
		{9D05162C-6F71-4E18-A18B-80861F0B8FB0}.Release|x64.Build.0 = Release|x64
		{9D05162C-6F71-4E18-A18B-80861F0B8FB0}.Release|x86.ActiveCfg = Release|Win32
		{9D05162C-6F71-4E18-A18B-80861F0B8FB0}.Release|x86.Build.0 = Release|Win32
		{114881BD-A26A-4E1A-B7CA-89478E36674F}.Debug|x64.ActiveCfg = Debug|x64
		{114881BD-A26A-4E1A-B7CA-89478E36674F}.Debug|x64.Build.0 = Debug|x64
		{114881BD-A26A-4E1A-B7CA-89478E36674F}.Debug|x86.ActiveCfg = Debug|Win32
		{114881BD-A26A-4E1A-B7CA-89478E36674F}.Debug|x86.Build.0 = Debug|Win32
		{114881BD-A26A-4E1A-B7CA-89478E36674F}.Release|x64.ActiveCfg = Release|x64
		{114881BD-A26A-4E1A-B7CA-89478E36674F}.Release|x64.Build.0 = Release|x64
		{114881BD-A26A-4E1A-B7CA-89478E36674F}.Release|x86.ActiveCfg = Release|Win32
		{114881BD-A26A-4E1A-B7CA-89478E36674F}.Release|x86.Build.0 = Release|Win32
		{15A48011-BEE2-4A52-BCEC-06AF78A8CC5C}.Debug|x64.ActiveCfg = Debug|x64
		{15A48011-BEE2-4A52-BCEC-06AF78A8CC5C}.Debug|x64.Build.0 = Debug|x64
		{15A48011-BEE2-4A52-BCEC-06AF78A8CC5C}.Debug|x86.ActiveCfg = Debug|Win32
		{15A48011-BEE2-4A52-BCEC-06AF78A8CC5C}.Debug|x86.Build.0 = Debug|Win32
		{15A48011-BEE2-4A52-BCEC-06AF78A8CC5C}.Release|x64.ActiveCfg = Release|x64
		{15A48011-BEE2-4A52-BCEC-06AF78A8CC5C}.Release|x64.Build.0 = Release|x64
		{15A48011-BEE2-4A52-BCEC-06AF78A8CC5C}.Release|x86.ActiveCfg = Release|Win32
		{15A48011-BEE2-4A52-BCEC-06AF78A8CC5C}.Release|x86.Build.0 = Release|Win32
		{1D15E118-D8FB-4EF8-A2C3-09F725B66C10}.Debug|x64.ActiveCfg = Debug|x64
		{1D15E118-D8FB-4EF8-A2C3-09F725B66C10}.Debug|x64.Build.0 = Debug|x64
		{1D15E118-D8FB-4EF8-A2C3-09F725B66C10}.Debug|x86.ActiveCfg = Debug|Win32
		{1D15E118-D8FB-4EF8-A2C3-09F725B66C10}.Debug|x86.Build.0 = Debug|Win32
		{1D15E118-D8FB-4EF8-A2C3-09F725B66C10}.Release|x64.ActiveCfg = Release|x64
		{1D15E118-D8FB-4EF8-A2C3-09F725B66C10}.Release|x64.Build.0 = Release|x64
		{1D15E118-D8FB-4EF8-A2C3-09F725B66C10}.Release|x86.ActiveCfg = Release|Win32
		{1D15E118-D8FB-4EF8-A2C3-09F725B66C10}.Release|x86.Build.0 = Release|Win32
	EndGlobalSection
	GlobalSection(SolutionProperties) = preSolution
		HideSolutionNode = FALSE
	EndGlobalSection
EndGlobal
